// !$*UTF8*$!
{
	archiveVersion = 1;
	classes = {
	};
	objectVersion = 52;
	objects = {

/* Begin PBXBuildFile section */
		952F452C2457EB90001B2605 /* GameScene.swift in Sources */ = {isa = PBXBuildFile; fileRef = 952F452B2457EB90001B2605 /* GameScene.swift */; };
		952F452E2457EEE1001B2605 /* NewGameScene.swift in Sources */ = {isa = PBXBuildFile; fileRef = 952F452D2457EEE1001B2605 /* NewGameScene.swift */; };
		95400CBB2453F617003A320B /* Assets.xcassets in Resources */ = {isa = PBXBuildFile; fileRef = 95400CBA2453F617003A320B /* Assets.xcassets */; };
		95400CC22453F617003A320B /* iMessageGameExample MessagesExtension.appex in Embed App Extensions */ = {isa = PBXBuildFile; fileRef = 95400CC12453F617003A320B /* iMessageGameExample MessagesExtension.appex */; settings = {ATTRIBUTES = (RemoveHeadersOnCopy, ); }; };
		95400CC72453F617003A320B /* Messages.framework in Frameworks */ = {isa = PBXBuildFile; fileRef = 95400CC62453F617003A320B /* Messages.framework */; };
		95400CCA2453F617003A320B /* MessagesViewController.swift in Sources */ = {isa = PBXBuildFile; fileRef = 95400CC92453F617003A320B /* MessagesViewController.swift */; };
		95400CCD2453F617003A320B /* MainInterface.storyboard in Resources */ = {isa = PBXBuildFile; fileRef = 95400CCB2453F617003A320B /* MainInterface.storyboard */; };
		95400CCF2453F618003A320B /* Assets.xcassets in Resources */ = {isa = PBXBuildFile; fileRef = 95400CCE2453F618003A320B /* Assets.xcassets */; };
		95400CDC2453F795003A320B /* iMessageGame in Frameworks */ = {isa = PBXBuildFile; productRef = 95400CDB2453F795003A320B /* iMessageGame */; };
		A555640025D0D7D30015A743 /* GameScene.sks in Resources */ = {isa = PBXBuildFile; fileRef = A555640225D0D7D30015A743 /* GameScene.sks */; };
		A5AB35F32505AE480010D4EF /* NewGameScene.sks in Resources */ = {isa = PBXBuildFile; fileRef = A5AB35F22505AE470010D4EF /* NewGameScene.sks */; };
		A5CBB36125D8A4C5007F2F14 /* Globals.swift in Sources */ = {isa = PBXBuildFile; fileRef = A5CBB36025D8A4C5007F2F14 /* Globals.swift */; };
		A5E351BE2504B517000C2765 /* Game.swift in Sources */ = {isa = PBXBuildFile; fileRef = A5E351BD2504B517000C2765 /* Game.swift */; };
		A5EC0B8125D8768E00A7B949 /* Player.swift in Sources */ = {isa = PBXBuildFile; fileRef = A5EC0B8025D8768E00A7B949 /* Player.swift */; };
/* End PBXBuildFile section */

/* Begin PBXContainerItemProxy section */
		95400CC32453F617003A320B /* PBXContainerItemProxy */ = {
			isa = PBXContainerItemProxy;
			containerPortal = 95400CB12453F60A003A320B /* Project object */;
			proxyType = 1;
			remoteGlobalIDString = 95400CC02453F617003A320B;
			remoteInfo = "iMessageGameExample MessagesExtension";
		};
/* End PBXContainerItemProxy section */

/* Begin PBXCopyFilesBuildPhase section */
		95400CD62453F618003A320B /* Embed App Extensions */ = {
			isa = PBXCopyFilesBuildPhase;
			buildActionMask = 2147483647;
			dstPath = "";
			dstSubfolderSpec = 13;
			files = (
				95400CC22453F617003A320B /* iMessageGameExample MessagesExtension.appex in Embed App Extensions */,
			);
			name = "Embed App Extensions";
			runOnlyForDeploymentPostprocessing = 0;
		};
/* End PBXCopyFilesBuildPhase section */

/* Begin PBXFileReference section */
		952F452B2457EB90001B2605 /* GameScene.swift */ = {isa = PBXFileReference; lastKnownFileType = sourcecode.swift; path = GameScene.swift; sourceTree = "<group>"; };
		952F452D2457EEE1001B2605 /* NewGameScene.swift */ = {isa = PBXFileReference; lastKnownFileType = sourcecode.swift; path = NewGameScene.swift; sourceTree = "<group>"; };
		95400CB72453F60A003A320B /* iMessageGameExample.app */ = {isa = PBXFileReference; explicitFileType = wrapper.application; includeInIndex = 0; path = iMessageGameExample.app; sourceTree = BUILT_PRODUCTS_DIR; };
		95400CBA2453F617003A320B /* Assets.xcassets */ = {isa = PBXFileReference; lastKnownFileType = folder.assetcatalog; path = Assets.xcassets; sourceTree = "<group>"; };
		95400CBC2453F617003A320B /* Info.plist */ = {isa = PBXFileReference; lastKnownFileType = text.plist.xml; path = Info.plist; sourceTree = "<group>"; };
		95400CC12453F617003A320B /* iMessageGameExample MessagesExtension.appex */ = {isa = PBXFileReference; explicitFileType = "wrapper.app-extension"; includeInIndex = 0; path = "iMessageGameExample MessagesExtension.appex"; sourceTree = BUILT_PRODUCTS_DIR; };
		95400CC62453F617003A320B /* Messages.framework */ = {isa = PBXFileReference; lastKnownFileType = wrapper.framework; name = Messages.framework; path = System/Library/Frameworks/Messages.framework; sourceTree = SDKROOT; };
		95400CC92453F617003A320B /* MessagesViewController.swift */ = {isa = PBXFileReference; lastKnownFileType = sourcecode.swift; path = MessagesViewController.swift; sourceTree = "<group>"; };
		95400CCC2453F617003A320B /* Base */ = {isa = PBXFileReference; lastKnownFileType = file.storyboard; name = Base; path = Base.lproj/MainInterface.storyboard; sourceTree = "<group>"; };
		95400CCE2453F618003A320B /* Assets.xcassets */ = {isa = PBXFileReference; lastKnownFileType = folder.assetcatalog; path = Assets.xcassets; sourceTree = "<group>"; };
		95400CD02453F618003A320B /* Info.plist */ = {isa = PBXFileReference; lastKnownFileType = text.plist.xml; path = Info.plist; sourceTree = "<group>"; };
		A555640125D0D7D30015A743 /* Base */ = {isa = PBXFileReference; lastKnownFileType = file.sks; name = Base; path = Base.lproj/GameScene.sks; sourceTree = "<group>"; };
		A5AB35F22505AE470010D4EF /* NewGameScene.sks */ = {isa = PBXFileReference; lastKnownFileType = file.sks; path = NewGameScene.sks; sourceTree = "<group>"; };
		A5CBB36025D8A4C5007F2F14 /* Globals.swift */ = {isa = PBXFileReference; lastKnownFileType = sourcecode.swift; path = Globals.swift; sourceTree = "<group>"; };
		A5E351BB2504982E000C2765 /* README.md */ = {isa = PBXFileReference; lastKnownFileType = net.daringfireball.markdown; path = README.md; sourceTree = "<group>"; };
		A5E351BD2504B517000C2765 /* Game.swift */ = {isa = PBXFileReference; lastKnownFileType = sourcecode.swift; path = Game.swift; sourceTree = "<group>"; };
		A5EC0B8025D8768E00A7B949 /* Player.swift */ = {isa = PBXFileReference; lastKnownFileType = sourcecode.swift; path = Player.swift; sourceTree = "<group>"; };
/* End PBXFileReference section */

/* Begin PBXFrameworksBuildPhase section */
		95400CBE2453F617003A320B /* Frameworks */ = {
			isa = PBXFrameworksBuildPhase;
			buildActionMask = 2147483647;
			files = (
				95400CDC2453F795003A320B /* iMessageGame in Frameworks */,
				95400CC72453F617003A320B /* Messages.framework in Frameworks */,
			);
			runOnlyForDeploymentPostprocessing = 0;
		};
/* End PBXFrameworksBuildPhase section */

/* Begin PBXGroup section */
		95400CB02453F60A003A320B = {
			isa = PBXGroup;
			children = (
				A5E351BB2504982E000C2765 /* README.md */,
				95400CB92453F60A003A320B /* iMessageGameExample */,
				95400CC82453F617003A320B /* iMessageGameExample MessagesExtension */,
				95400CC52453F617003A320B /* Frameworks */,
				95400CB82453F60A003A320B /* Products */,
			);
			sourceTree = "<group>";
		};
		95400CB82453F60A003A320B /* Products */ = {
			isa = PBXGroup;
			children = (
				95400CB72453F60A003A320B /* iMessageGameExample.app */,
				95400CC12453F617003A320B /* iMessageGameExample MessagesExtension.appex */,
			);
			name = Products;
			sourceTree = "<group>";
		};
		95400CB92453F60A003A320B /* iMessageGameExample */ = {
			isa = PBXGroup;
			children = (
				95400CBA2453F617003A320B /* Assets.xcassets */,
				95400CBC2453F617003A320B /* Info.plist */,
			);
			path = iMessageGameExample;
			sourceTree = "<group>";
		};
		95400CC52453F617003A320B /* Frameworks */ = {
			isa = PBXGroup;
			children = (
				95400CC62453F617003A320B /* Messages.framework */,
			);
			name = Frameworks;
			sourceTree = "<group>";
		};
		95400CC82453F617003A320B /* iMessageGameExample MessagesExtension */ = {
			isa = PBXGroup;
			children = (
				A5E351BC2504B50B000C2765 /* Model */,
				95400CC92453F617003A320B /* MessagesViewController.swift */,
				95400CCB2453F617003A320B /* MainInterface.storyboard */,
				95400CCE2453F618003A320B /* Assets.xcassets */,
				95400CD02453F618003A320B /* Info.plist */,
				A555640225D0D7D30015A743 /* GameScene.sks */,
				952F452B2457EB90001B2605 /* GameScene.swift */,
				952F452D2457EEE1001B2605 /* NewGameScene.swift */,
				A5AB35F22505AE470010D4EF /* NewGameScene.sks */,
				A5CBB36025D8A4C5007F2F14 /* Globals.swift */,
			);
			path = "iMessageGameExample MessagesExtension";
			sourceTree = "<group>";
		};
		A5E351BC2504B50B000C2765 /* Model */ = {
			isa = PBXGroup;
			children = (
				A5E351BD2504B517000C2765 /* Game.swift */,
				A5EC0B8025D8768E00A7B949 /* Player.swift */,
			);
			path = Model;
			sourceTree = "<group>";
		};
/* End PBXGroup section */

/* Begin PBXNativeTarget section */
		95400CB62453F60A003A320B /* iMessageGameExample */ = {
			isa = PBXNativeTarget;
			buildConfigurationList = 95400CD72453F618003A320B /* Build configuration list for PBXNativeTarget "iMessageGameExample" */;
			buildPhases = (
				95400CB52453F60A003A320B /* Resources */,
				95400CD62453F618003A320B /* Embed App Extensions */,
			);
			buildRules = (
			);
			dependencies = (
				95400CC42453F617003A320B /* PBXTargetDependency */,
			);
			name = iMessageGameExample;
			productName = iMessageGameExample;
			productReference = 95400CB72453F60A003A320B /* iMessageGameExample.app */;
			productType = "com.apple.product-type.application.messages";
		};
		95400CC02453F617003A320B /* iMessageGameExample MessagesExtension */ = {
			isa = PBXNativeTarget;
			buildConfigurationList = 95400CD32453F618003A320B /* Build configuration list for PBXNativeTarget "iMessageGameExample MessagesExtension" */;
			buildPhases = (
				95400CBD2453F617003A320B /* Sources */,
				95400CBE2453F617003A320B /* Frameworks */,
				95400CBF2453F617003A320B /* Resources */,
			);
			buildRules = (
			);
			dependencies = (
			);
			name = "iMessageGameExample MessagesExtension";
			packageProductDependencies = (
				95400CDB2453F795003A320B /* iMessageGame */,
			);
			productName = "iMessageGameExample MessagesExtension";
			productReference = 95400CC12453F617003A320B /* iMessageGameExample MessagesExtension.appex */;
			productType = "com.apple.product-type.app-extension.messages";
		};
/* End PBXNativeTarget section */

/* Begin PBXProject section */
		95400CB12453F60A003A320B /* Project object */ = {
			isa = PBXProject;
			attributes = {
				LastSwiftUpdateCheck = 1140;
				LastUpgradeCheck = 1200;
				TargetAttributes = {
					95400CB62453F60A003A320B = {
						CreatedOnToolsVersion = 11.4.1;
					};
					95400CC02453F617003A320B = {
						CreatedOnToolsVersion = 11.4.1;
					};
				};
			};
			buildConfigurationList = 95400CB42453F60A003A320B /* Build configuration list for PBXProject "iMessageGameExample" */;
			compatibilityVersion = "Xcode 9.3";
			developmentRegion = en;
			hasScannedForEncodings = 0;
			knownRegions = (
				en,
				Base,
			);
			mainGroup = 95400CB02453F60A003A320B;
			packageReferences = (
				95400CDA2453F795003A320B /* XCRemoteSwiftPackageReference "iMessageGame" */,
			);
			productRefGroup = 95400CB82453F60A003A320B /* Products */;
			projectDirPath = "";
			projectRoot = "";
			targets = (
				95400CB62453F60A003A320B /* iMessageGameExample */,
				95400CC02453F617003A320B /* iMessageGameExample MessagesExtension */,
			);
		};
/* End PBXProject section */

/* Begin PBXResourcesBuildPhase section */
		95400CB52453F60A003A320B /* Resources */ = {
			isa = PBXResourcesBuildPhase;
			buildActionMask = 2147483647;
			files = (
				95400CBB2453F617003A320B /* Assets.xcassets in Resources */,
			);
			runOnlyForDeploymentPostprocessing = 0;
		};
		95400CBF2453F617003A320B /* Resources */ = {
			isa = PBXResourcesBuildPhase;
			buildActionMask = 2147483647;
			files = (
				A555640025D0D7D30015A743 /* GameScene.sks in Resources */,
				A5AB35F32505AE480010D4EF /* NewGameScene.sks in Resources */,
				95400CCF2453F618003A320B /* Assets.xcassets in Resources */,
				95400CCD2453F617003A320B /* MainInterface.storyboard in Resources */,
			);
			runOnlyForDeploymentPostprocessing = 0;
		};
/* End PBXResourcesBuildPhase section */

/* Begin PBXSourcesBuildPhase section */
		95400CBD2453F617003A320B /* Sources */ = {
			isa = PBXSourcesBuildPhase;
			buildActionMask = 2147483647;
			files = (
				952F452C2457EB90001B2605 /* GameScene.swift in Sources */,
				95400CCA2453F617003A320B /* MessagesViewController.swift in Sources */,
				A5CBB36125D8A4C5007F2F14 /* Globals.swift in Sources */,
				952F452E2457EEE1001B2605 /* NewGameScene.swift in Sources */,
				A5EC0B8125D8768E00A7B949 /* Player.swift in Sources */,
				A5E351BE2504B517000C2765 /* Game.swift in Sources */,
			);
			runOnlyForDeploymentPostprocessing = 0;
		};
/* End PBXSourcesBuildPhase section */

/* Begin PBXTargetDependency section */
		95400CC42453F617003A320B /* PBXTargetDependency */ = {
			isa = PBXTargetDependency;
			target = 95400CC02453F617003A320B /* iMessageGameExample MessagesExtension */;
			targetProxy = 95400CC32453F617003A320B /* PBXContainerItemProxy */;
		};
/* End PBXTargetDependency section */

/* Begin PBXVariantGroup section */
		95400CCB2453F617003A320B /* MainInterface.storyboard */ = {
			isa = PBXVariantGroup;
			children = (
				95400CCC2453F617003A320B /* Base */,
			);
			name = MainInterface.storyboard;
			sourceTree = "<group>";
		};
		A555640225D0D7D30015A743 /* GameScene.sks */ = {
			isa = PBXVariantGroup;
			children = (
				A555640125D0D7D30015A743 /* Base */,
			);
			name = GameScene.sks;
			sourceTree = "<group>";
		};
/* End PBXVariantGroup section */

/* Begin XCBuildConfiguration section */
		95400CD12453F618003A320B /* Debug */ = {
			isa = XCBuildConfiguration;
			buildSettings = {
				ALWAYS_SEARCH_USER_PATHS = NO;
				CLANG_ANALYZER_NONNULL = YES;
				CLANG_ANALYZER_NUMBER_OBJECT_CONVERSION = YES_AGGRESSIVE;
				CLANG_CXX_LANGUAGE_STANDARD = "gnu++14";
				CLANG_CXX_LIBRARY = "libc++";
				CLANG_ENABLE_MODULES = YES;
				CLANG_ENABLE_OBJC_ARC = YES;
				CLANG_ENABLE_OBJC_WEAK = YES;
				CLANG_WARN_BLOCK_CAPTURE_AUTORELEASING = YES;
				CLANG_WARN_BOOL_CONVERSION = YES;
				CLANG_WARN_COMMA = YES;
				CLANG_WARN_CONSTANT_CONVERSION = YES;
				CLANG_WARN_DEPRECATED_OBJC_IMPLEMENTATIONS = YES;
				CLANG_WARN_DIRECT_OBJC_ISA_USAGE = YES_ERROR;
				CLANG_WARN_DOCUMENTATION_COMMENTS = YES;
				CLANG_WARN_EMPTY_BODY = YES;
				CLANG_WARN_ENUM_CONVERSION = YES;
				CLANG_WARN_INFINITE_RECURSION = YES;
				CLANG_WARN_INT_CONVERSION = YES;
				CLANG_WARN_NON_LITERAL_NULL_CONVERSION = YES;
				CLANG_WARN_OBJC_IMPLICIT_RETAIN_SELF = YES;
				CLANG_WARN_OBJC_LITERAL_CONVERSION = YES;
				CLANG_WARN_OBJC_ROOT_CLASS = YES_ERROR;
				CLANG_WARN_QUOTED_INCLUDE_IN_FRAMEWORK_HEADER = YES;
				CLANG_WARN_RANGE_LOOP_ANALYSIS = YES;
				CLANG_WARN_STRICT_PROTOTYPES = YES;
				CLANG_WARN_SUSPICIOUS_MOVE = YES;
				CLANG_WARN_UNGUARDED_AVAILABILITY = YES_AGGRESSIVE;
				CLANG_WARN_UNREACHABLE_CODE = YES;
				CLANG_WARN__DUPLICATE_METHOD_MATCH = YES;
				COPY_PHASE_STRIP = NO;
				DEBUG_INFORMATION_FORMAT = dwarf;
				ENABLE_STRICT_OBJC_MSGSEND = YES;
				ENABLE_TESTABILITY = YES;
				GCC_C_LANGUAGE_STANDARD = gnu11;
				GCC_DYNAMIC_NO_PIC = NO;
				GCC_NO_COMMON_BLOCKS = YES;
				GCC_OPTIMIZATION_LEVEL = 0;
				GCC_PREPROCESSOR_DEFINITIONS = (
					"DEBUG=1",
					"$(inherited)",
				);
				GCC_WARN_64_TO_32_BIT_CONVERSION = YES;
				GCC_WARN_ABOUT_RETURN_TYPE = YES_ERROR;
				GCC_WARN_UNDECLARED_SELECTOR = YES;
				GCC_WARN_UNINITIALIZED_AUTOS = YES_AGGRESSIVE;
				GCC_WARN_UNUSED_FUNCTION = YES;
				GCC_WARN_UNUSED_VARIABLE = YES;
				IPHONEOS_DEPLOYMENT_TARGET = 13.4;
				MTL_ENABLE_DEBUG_INFO = INCLUDE_SOURCE;
				MTL_FAST_MATH = YES;
				ONLY_ACTIVE_ARCH = YES;
				SDKROOT = iphoneos;
				SWIFT_ACTIVE_COMPILATION_CONDITIONS = DEBUG;
				SWIFT_OPTIMIZATION_LEVEL = "-Onone";
			};
			name = Debug;
		};
		95400CD22453F618003A320B /* Release */ = {
			isa = XCBuildConfiguration;
			buildSettings = {
				ALWAYS_SEARCH_USER_PATHS = NO;
				CLANG_ANALYZER_NONNULL = YES;
				CLANG_ANALYZER_NUMBER_OBJECT_CONVERSION = YES_AGGRESSIVE;
				CLANG_CXX_LANGUAGE_STANDARD = "gnu++14";
				CLANG_CXX_LIBRARY = "libc++";
				CLANG_ENABLE_MODULES = YES;
				CLANG_ENABLE_OBJC_ARC = YES;
				CLANG_ENABLE_OBJC_WEAK = YES;
				CLANG_WARN_BLOCK_CAPTURE_AUTORELEASING = YES;
				CLANG_WARN_BOOL_CONVERSION = YES;
				CLANG_WARN_COMMA = YES;
				CLANG_WARN_CONSTANT_CONVERSION = YES;
				CLANG_WARN_DEPRECATED_OBJC_IMPLEMENTATIONS = YES;
				CLANG_WARN_DIRECT_OBJC_ISA_USAGE = YES_ERROR;
				CLANG_WARN_DOCUMENTATION_COMMENTS = YES;
				CLANG_WARN_EMPTY_BODY = YES;
				CLANG_WARN_ENUM_CONVERSION = YES;
				CLANG_WARN_INFINITE_RECURSION = YES;
				CLANG_WARN_INT_CONVERSION = YES;
				CLANG_WARN_NON_LITERAL_NULL_CONVERSION = YES;
				CLANG_WARN_OBJC_IMPLICIT_RETAIN_SELF = YES;
				CLANG_WARN_OBJC_LITERAL_CONVERSION = YES;
				CLANG_WARN_OBJC_ROOT_CLASS = YES_ERROR;
				CLANG_WARN_QUOTED_INCLUDE_IN_FRAMEWORK_HEADER = YES;
				CLANG_WARN_RANGE_LOOP_ANALYSIS = YES;
				CLANG_WARN_STRICT_PROTOTYPES = YES;
				CLANG_WARN_SUSPICIOUS_MOVE = YES;
				CLANG_WARN_UNGUARDED_AVAILABILITY = YES_AGGRESSIVE;
				CLANG_WARN_UNREACHABLE_CODE = YES;
				CLANG_WARN__DUPLICATE_METHOD_MATCH = YES;
				COPY_PHASE_STRIP = NO;
				DEBUG_INFORMATION_FORMAT = "dwarf-with-dsym";
				ENABLE_NS_ASSERTIONS = NO;
				ENABLE_STRICT_OBJC_MSGSEND = YES;
				GCC_C_LANGUAGE_STANDARD = gnu11;
				GCC_NO_COMMON_BLOCKS = YES;
				GCC_WARN_64_TO_32_BIT_CONVERSION = YES;
				GCC_WARN_ABOUT_RETURN_TYPE = YES_ERROR;
				GCC_WARN_UNDECLARED_SELECTOR = YES;
				GCC_WARN_UNINITIALIZED_AUTOS = YES_AGGRESSIVE;
				GCC_WARN_UNUSED_FUNCTION = YES;
				GCC_WARN_UNUSED_VARIABLE = YES;
				IPHONEOS_DEPLOYMENT_TARGET = 13.4;
				MTL_ENABLE_DEBUG_INFO = NO;
				MTL_FAST_MATH = YES;
				SDKROOT = iphoneos;
				SWIFT_COMPILATION_MODE = wholemodule;
				SWIFT_OPTIMIZATION_LEVEL = "-O";
				VALIDATE_PRODUCT = YES;
			};
			name = Release;
		};
		95400CD42453F618003A320B /* Debug */ = {
			isa = XCBuildConfiguration;
			buildSettings = {
				ASSETCATALOG_COMPILER_APPICON_NAME = "iMessage App Icon";
				CODE_SIGN_STYLE = Automatic;
				DEVELOPMENT_TEAM = A5EAVBU2M8;
				INFOPLIST_FILE = "iMessageGameExample MessagesExtension/Info.plist";
				LD_RUNPATH_SEARCH_PATHS = (
					"$(inherited)",
					"@executable_path/Frameworks",
					"@executable_path/../../Frameworks",
				);
				PRODUCT_BUNDLE_IDENTIFIER = com.skarchmit.iMessageGameExample.MessagesExtension;
				PRODUCT_NAME = "$(TARGET_NAME)";
				SKIP_INSTALL = YES;
				SWIFT_VERSION = 5.0;
				TARGETED_DEVICE_FAMILY = "1,2";
			};
			name = Debug;
		};
		95400CD52453F618003A320B /* Release */ = {
			isa = XCBuildConfiguration;
			buildSettings = {
				ASSETCATALOG_COMPILER_APPICON_NAME = "iMessage App Icon";
				CODE_SIGN_STYLE = Automatic;
				DEVELOPMENT_TEAM = A5EAVBU2M8;
				INFOPLIST_FILE = "iMessageGameExample MessagesExtension/Info.plist";
				LD_RUNPATH_SEARCH_PATHS = (
					"$(inherited)",
					"@executable_path/Frameworks",
					"@executable_path/../../Frameworks",
				);
				PRODUCT_BUNDLE_IDENTIFIER = com.skarchmit.iMessageGameExample.MessagesExtension;
				PRODUCT_NAME = "$(TARGET_NAME)";
				SKIP_INSTALL = YES;
				SWIFT_VERSION = 5.0;
				TARGETED_DEVICE_FAMILY = "1,2";
			};
			name = Release;
		};
		95400CD82453F618003A320B /* Debug */ = {
			isa = XCBuildConfiguration;
			buildSettings = {
				ALWAYS_EMBED_SWIFT_STANDARD_LIBRARIES = YES;
				ASSETCATALOG_COMPILER_APPICON_NAME = AppIcon;
				CODE_SIGN_STYLE = Automatic;
				DEVELOPMENT_TEAM = A5EAVBU2M8;
				INFOPLIST_FILE = iMessageGameExample/Info.plist;
				PRODUCT_BUNDLE_IDENTIFIER = com.skarchmit.iMessageGameExample;
				PRODUCT_NAME = "$(TARGET_NAME)";
				SWIFT_VERSION = 5.0;
				TARGETED_DEVICE_FAMILY = "1,2";
			};
			name = Debug;
		};
		95400CD92453F618003A320B /* Release */ = {
			isa = XCBuildConfiguration;
			buildSettings = {
				ALWAYS_EMBED_SWIFT_STANDARD_LIBRARIES = YES;
				ASSETCATALOG_COMPILER_APPICON_NAME = AppIcon;
				CODE_SIGN_STYLE = Automatic;
				DEVELOPMENT_TEAM = A5EAVBU2M8;
				INFOPLIST_FILE = iMessageGameExample/Info.plist;
				PRODUCT_BUNDLE_IDENTIFIER = com.skarchmit.iMessageGameExample;
				PRODUCT_NAME = "$(TARGET_NAME)";
				SWIFT_VERSION = 5.0;
				TARGETED_DEVICE_FAMILY = "1,2";
			};
			name = Release;
		};
/* End XCBuildConfiguration section */

/* Begin XCConfigurationList section */
		95400CB42453F60A003A320B /* Build configuration list for PBXProject "iMessageGameExample" */ = {
			isa = XCConfigurationList;
			buildConfigurations = (
				95400CD12453F618003A320B /* Debug */,
				95400CD22453F618003A320B /* Release */,
			);
			defaultConfigurationIsVisible = 0;
			defaultConfigurationName = Release;
		};
		95400CD32453F618003A320B /* Build configuration list for PBXNativeTarget "iMessageGameExample MessagesExtension" */ = {
			isa = XCConfigurationList;
			buildConfigurations = (
				95400CD42453F618003A320B /* Debug */,
				95400CD52453F618003A320B /* Release */,
			);
			defaultConfigurationIsVisible = 0;
			defaultConfigurationName = Release;
		};
		95400CD72453F618003A320B /* Build configuration list for PBXNativeTarget "iMessageGameExample" */ = {
			isa = XCConfigurationList;
			buildConfigurations = (
				95400CD82453F618003A320B /* Debug */,
				95400CD92453F618003A320B /* Release */,
			);
			defaultConfigurationIsVisible = 0;
			defaultConfigurationName = Release;
		};
/* End XCConfigurationList section */

/* Begin XCRemoteSwiftPackageReference section */
		95400CDA2453F795003A320B /* XCRemoteSwiftPackageReference "iMessageGame" */ = {
			isa = XCRemoteSwiftPackageReference;
			repositoryURL = "https://github.com/skarchmit/iMessageGame";
			requirement = {
				branch = master;
				kind = branch;
			};
		};
/* End XCRemoteSwiftPackageReference section */

/* Begin XCSwiftPackageProductDependency section */
		95400CDB2453F795003A320B /* iMessageGame */ = {
			isa = XCSwiftPackageProductDependency;
			package = 95400CDA2453F795003A320B /* XCRemoteSwiftPackageReference "iMessageGame" */;
			productName = iMessageGame;
		};
/* End XCSwiftPackageProductDependency section */
	};
	rootObject = 95400CB12453F60A003A320B /* Project object */;
}
