{
  "object": {
    "pins": [
      {
        "package": "iMessageGame",
        "repositoryURL": "https://github.com/skarchmit/iMessageGame",
        "state": {
          "branch": "master",
          "revision": "deea2a0202caf4ee699915bd51aadb4a8837d4ae",
          "version": null
        }
      },
      {
        "package": "swift-log",
        "repositoryURL": "https://github.com/apple/swift-log.git",
        "state": {
          "branch": null,
          "revision": "74d7b91ceebc85daf387ebb206003f78813f71aa",
          "version": "1.2.0"
        }
      }
    ]
  },
  "version": 1
}
