{
  "object": {
    "pins": [
      {
        "package": "iMessageGame",
        "repositoryURL": "https://github.com/skarchmit/iMessageGame",
        "state": {
          "branch": "master",
          "revision": "43694025519ade468dab891be4962d05b31b4f10",
          "version": null
        }
      },
      {
        "package": "swift-log",
        "repositoryURL": "https://github.com/apple/swift-log.git",
        "state": {
          "branch": null,
          "revision": "74d7b91ceebc85daf387ebb206003f78813f71aa",
          "version": "1.2.0"
        }
      }
    ]
  },
  "version": 1
}
